[[package]]
name = "click"
version = "8.0.3"
description = "Composable command line interface toolkit"
category = "main"
optional = false
python-versions = ">=3.6"

[package.dependencies]
colorama = {version = "*", markers = "platform_system == \"Windows\""}
importlib-metadata = {version = "*", markers = "python_version < \"3.8\""}

[[package]]
name = "cogment"
version = "2.0.2"
description = "Cogment python SDK"
category = "main"
optional = false
python-versions = ">=3.7,<3.10"

[package.dependencies]
click = {version = ">=8.0.3,<9.0.0", optional = true, markers = "extra == \"generate\""}
grpcio = ">=1.30,<1.39"
grpcio-reflection = ">=1.30,<1.39"
grpcio-tools = {version = "1.38", optional = true, markers = "extra == \"generate\""}
prometheus-client = ">=0.8,<0.9"
protobuf = ">=3.7,<4.0"
PyYAML = {version = ">=5.3.1,<6.0.0", optional = true, markers = "extra == \"generate\""}

[package.extras]
generate = ["PyYAML (>=5.3.1,<6.0.0)", "grpcio-tools (==1.38)", "click (>=8.0.3,<9.0.0)"]

[[package]]
name = "colorama"
version = "0.4.4"
description = "Cross-platform colored terminal text."
category = "main"
optional = false
python-versions = ">=2.7, !=3.0.*, !=3.1.*, !=3.2.*, !=3.3.*, !=3.4.*"

[[package]]
name = "grpcio"
version = "1.38.1"
description = "HTTP/2-based RPC framework"
category = "main"
optional = false
python-versions = "*"

[package.dependencies]
six = ">=1.5.2"

[package.extras]
protobuf = ["grpcio-tools (>=1.38.1)"]

[[package]]
name = "grpcio-reflection"
version = "1.38.1"
description = "Standard Protobuf Reflection Service for gRPC"
category = "main"
optional = false
python-versions = "*"

[package.dependencies]
grpcio = ">=1.38.1"
protobuf = ">=3.6.0"

[[package]]
name = "grpcio-tools"
version = "1.38.0"
description = "Protobuf code generator for gRPC"
category = "main"
optional = false
python-versions = "*"

[package.dependencies]
grpcio = ">=1.38.0"
protobuf = ">=3.5.0.post1,<4.0dev"

[[package]]
name = "importlib-metadata"
version = "4.10.0"
description = "Read metadata from Python packages"
category = "main"
optional = false
python-versions = ">=3.7"

[package.dependencies]
typing-extensions = {version = ">=3.6.4", markers = "python_version < \"3.8\""}
zipp = ">=0.5"

[package.extras]
docs = ["sphinx", "jaraco.packaging (>=8.2)", "rst.linker (>=1.9)"]
perf = ["ipython"]
testing = ["pytest (>=6)", "pytest-checkdocs (>=2.4)", "pytest-flake8", "pytest-cov", "pytest-enabler (>=1.0.1)", "packaging", "pyfakefs", "flufl.flake8", "pytest-perf (>=0.9.2)", "pytest-black (>=0.3.7)", "pytest-mypy", "importlib-resources (>=1.3)"]

[[package]]
name = "mslex"
version = "0.3.0"
description = "shlex for windows"
category = "dev"
optional = false
python-versions = ">=3.5"

[[package]]
name = "prometheus-client"
version = "0.8.0"
description = "Python client for the Prometheus monitoring system."
category = "main"
optional = false
python-versions = "*"

[package.extras]
twisted = ["twisted"]

[[package]]
name = "protobuf"
version = "3.19.3"
description = "Protocol Buffers"
category = "main"
optional = false
python-versions = ">=3.5"

[[package]]
name = "psutil"
version = "5.9.0"
description = "Cross-platform lib for process and system monitoring in Python."
category = "dev"
optional = false
python-versions = ">=2.6, !=3.0.*, !=3.1.*, !=3.2.*, !=3.3.*"

[package.extras]
test = ["ipaddress", "mock", "unittest2", "enum34", "pywin32", "wmi"]

[[package]]
name = "pyyaml"
version = "5.4.1"
description = "YAML parser and emitter for Python"
category = "main"
optional = false
python-versions = ">=2.7, !=3.0.*, !=3.1.*, !=3.2.*, !=3.3.*, !=3.4.*, !=3.5.*"

[[package]]
name = "six"
version = "1.16.0"
description = "Python 2 and 3 compatibility utilities"
category = "main"
optional = false
python-versions = ">=2.7, !=3.0.*, !=3.1.*, !=3.2.*"

[[package]]
name = "taskipy"
version = "1.9.0"
description = "tasks runner for python projects"
category = "dev"
optional = false
python-versions = ">=3.6,<4.0"

[package.dependencies]
colorama = ">=0.4.4,<0.5.0"
mslex = {version = ">=0.3.0,<0.4.0", markers = "sys_platform == \"win32\""}
psutil = ">=5.7.2,<6.0.0"
toml = ">=0.10.0,<0.11.0"

[[package]]
name = "toml"
version = "0.10.2"
description = "Python Library for Tom's Obvious, Minimal Language"
category = "dev"
optional = false
python-versions = ">=2.6, !=3.0.*, !=3.1.*, !=3.2.*"

[[package]]
name = "typing-extensions"
version = "4.0.1"
description = "Backported and Experimental Type Hints for Python 3.6+"
category = "main"
optional = false
python-versions = ">=3.6"

[[package]]
name = "zipp"
version = "3.7.0"
description = "Backport of pathlib-compatible object wrapper for zip files"
category = "main"
optional = false
python-versions = ">=3.7"

[package.extras]
docs = ["sphinx", "jaraco.packaging (>=8.2)", "rst.linker (>=1.9)"]
testing = ["pytest (>=6)", "pytest-checkdocs (>=2.4)", "pytest-flake8", "pytest-cov", "pytest-enabler (>=1.0.1)", "jaraco.itertools", "func-timeout", "pytest-black (>=0.3.7)", "pytest-mypy"]

[metadata]
lock-version = "1.1"
python-versions = ">=3.7,<3.10"
content-hash = "e5ca9a311f1a8ce933fe0a51368255f1ae7bc32262e437c0de31e94f18722c7c"

[metadata.files]
click = [
    {file = "click-8.0.3-py3-none-any.whl", hash = "sha256:353f466495adaeb40b6b5f592f9f91cb22372351c84caeb068132442a4518ef3"},
    {file = "click-8.0.3.tar.gz", hash = "sha256:410e932b050f5eed773c4cda94de75971c89cdb3155a72a0831139a79e5ecb5b"},
]
cogment = [
    {file = "cogment-2.0.2.tar.gz", hash = "sha256:44450745aae6a8b40898e598a278d1cd2752feccb0e890e516e6225d4b9b76ce"},
]
colorama = [
    {file = "colorama-0.4.4-py2.py3-none-any.whl", hash = "sha256:9f47eda37229f68eee03b24b9748937c7dc3868f906e8ba69fbcbdd3bc5dc3e2"},
    {file = "colorama-0.4.4.tar.gz", hash = "sha256:5941b2b48a20143d2267e95b1c2a7603ce057ee39fd88e7329b0c292aa16869b"},
]
grpcio = [
    {file = "grpcio-1.38.1-cp27-cp27m-macosx_10_10_x86_64.whl", hash = "sha256:118479436bda25b369e2dc1cd0921790fbfaea1ec663e4ee7095c4c325694495"},
    {file = "grpcio-1.38.1-cp27-cp27m-manylinux2010_i686.whl", hash = "sha256:7adfbd4e22647f880c9ed86b2be7f6d7a7dbbb8adc09395808cc7a4d021bc328"},
    {file = "grpcio-1.38.1-cp27-cp27m-manylinux2010_x86_64.whl", hash = "sha256:87b4b1977b52d5e0873a5e396340d2443640ba760f4fa23e93a38997ecfbcd5b"},
    {file = "grpcio-1.38.1-cp27-cp27m-win32.whl", hash = "sha256:3a25e1a46f51c80d06b66223f61938b9ffda37f2824ca65749c49b758137fac2"},
    {file = "grpcio-1.38.1-cp27-cp27m-win_amd64.whl", hash = "sha256:b5ea9902fc2990af993b74862282b49ae0b8de8a64ca3b4a8dda26a3163c3bb4"},
    {file = "grpcio-1.38.1-cp27-cp27mu-manylinux2010_i686.whl", hash = "sha256:8ccde1df51eeaddf5515edc41bde2ea43a834a288914eae9ce4287399be108f5"},
    {file = "grpcio-1.38.1-cp27-cp27mu-manylinux2010_x86_64.whl", hash = "sha256:0e193feaf4ebc72f6af57d7b8a08c0b8e43ebbd76f81c6f1e55d013557602dfd"},
    {file = "grpcio-1.38.1-cp35-cp35m-macosx_10_10_intel.whl", hash = "sha256:b16e1967709392a0ec4b10b4374a72eb062c47c168a189606c9a7ea7b36593a8"},
    {file = "grpcio-1.38.1-cp35-cp35m-manylinux2010_i686.whl", hash = "sha256:4bc60f8372c3ab06f41279163c5d558bf95195bb3f68e35ed19f95d4fbd53d71"},
    {file = "grpcio-1.38.1-cp35-cp35m-manylinux2010_x86_64.whl", hash = "sha256:a433d3740a9ef7bc34a18e2b12bf72b25e618facdfd09871167b30fd8e955fed"},
    {file = "grpcio-1.38.1-cp35-cp35m-manylinux2014_i686.whl", hash = "sha256:d49f250c3ffbe83ba2d03e3500e03505576a985f7c5f77172a9531058347aa68"},
    {file = "grpcio-1.38.1-cp35-cp35m-manylinux2014_x86_64.whl", hash = "sha256:6e137d014cf4162e5a796777012452516d92547717c1b4914fb71ce4e41817b5"},
    {file = "grpcio-1.38.1-cp35-cp35m-win32.whl", hash = "sha256:5ff4802d9b3704e680454289587e1cc146bb0d953cf3c9296e2d96441a6a8e88"},
    {file = "grpcio-1.38.1-cp35-cp35m-win_amd64.whl", hash = "sha256:4c19578b35715e110c324b27c18ab54a56fccc4c41b8f651b1d1da5a64e0d605"},
    {file = "grpcio-1.38.1-cp36-cp36m-linux_armv7l.whl", hash = "sha256:6edf68d4305e08f6f8c45bfaa9dc04d527ab5a1562aaf0c452fa921fbe90eb23"},
    {file = "grpcio-1.38.1-cp36-cp36m-macosx_10_10_x86_64.whl", hash = "sha256:ddd33c90b0c95eca737c9f6db7e969a48d23aed72cecb23f3b8aac009ca2cfb4"},
    {file = "grpcio-1.38.1-cp36-cp36m-manylinux2010_i686.whl", hash = "sha256:c83481501533824fe341c17d297bbec1ec584ec46b352f98ce12bf16740615c4"},
    {file = "grpcio-1.38.1-cp36-cp36m-manylinux2010_x86_64.whl", hash = "sha256:3e85bba6f0e0c454a90b8fea16b59db9c6d19ddf9cc95052b2d4ca77b22d46d6"},
    {file = "grpcio-1.38.1-cp36-cp36m-manylinux2014_i686.whl", hash = "sha256:dcfcb147c18272a22a592251a49830b3c7abc82385ffff34916c2534175d885e"},
    {file = "grpcio-1.38.1-cp36-cp36m-manylinux2014_x86_64.whl", hash = "sha256:419af4f577a3d5d9f386aeacf4c4992f90016f84cbceb11ecd832101b1f7f9c9"},
    {file = "grpcio-1.38.1-cp36-cp36m-manylinux_2_24_aarch64.whl", hash = "sha256:cd7ddb5b6ffcbd3691990df20f260a888c8bd770d57480a97da1b756fb1be5c0"},
    {file = "grpcio-1.38.1-cp36-cp36m-win32.whl", hash = "sha256:d4179d96b0ce27602756185c1a00d088c9c1feb0cc17a36f8a66eec6ddddbc0c"},
    {file = "grpcio-1.38.1-cp36-cp36m-win_amd64.whl", hash = "sha256:96d78d9edf3070770cefd1822bc220d8cccad049b818a70a3c630052e9f15490"},
    {file = "grpcio-1.38.1-cp37-cp37m-linux_armv7l.whl", hash = "sha256:8ab27a6626c2038e13c1b250c5cd22da578f182364134620ec298b4ccfc85722"},
    {file = "grpcio-1.38.1-cp37-cp37m-macosx_10_10_x86_64.whl", hash = "sha256:532ab738351aad2cdad80f4355123652e08b207281f3923ce51fb2b58692dd4c"},
    {file = "grpcio-1.38.1-cp37-cp37m-manylinux2010_i686.whl", hash = "sha256:e4a8a371ad02bf31576bcd99093cea3849e19ca1e9eb63fc0b2c0f1db1132f7d"},
    {file = "grpcio-1.38.1-cp37-cp37m-manylinux2010_x86_64.whl", hash = "sha256:89af675d38bf490384dae85151768b8434e997cece98e5d1eb6fcb3c16d6af12"},
    {file = "grpcio-1.38.1-cp37-cp37m-manylinux2014_i686.whl", hash = "sha256:ff9ebc416e815161d89d2fd22d1a91acf3b810ef800dae38c402d19d203590bf"},
    {file = "grpcio-1.38.1-cp37-cp37m-manylinux2014_x86_64.whl", hash = "sha256:3db0680fee9e55022677abda186e73e3c019c59ed83e1550519250dc97cf6793"},
    {file = "grpcio-1.38.1-cp37-cp37m-manylinux_2_24_aarch64.whl", hash = "sha256:a77d1f47e5e82504c531bc9dd22c093ff093b6706ec8bcdad228464ef3a5dd54"},
    {file = "grpcio-1.38.1-cp37-cp37m-win32.whl", hash = "sha256:549beb5646137b78534a312a3b80b2b8b1ea01058b38a711d42d6b54b20b6c2b"},
    {file = "grpcio-1.38.1-cp37-cp37m-win_amd64.whl", hash = "sha256:3eb960c2f9e031f0643b53bab67733a9544d82f42d0714338183d14993d2a23c"},
    {file = "grpcio-1.38.1-cp38-cp38-linux_armv7l.whl", hash = "sha256:e90cda2ccd4bdb89a3cd5dc11771c3b8394817d5caaa1ae36042bc96a428c10e"},
    {file = "grpcio-1.38.1-cp38-cp38-macosx_10_10_x86_64.whl", hash = "sha256:26af85ae0a7ff8e8f8f550255bf85551df86a89883c11721c0756b71bc1019be"},
    {file = "grpcio-1.38.1-cp38-cp38-manylinux2010_i686.whl", hash = "sha256:947bdba3ebcd93a7cef537d6405bc5667d1caf818fa8bbd2e2cc952ec8f97e09"},
    {file = "grpcio-1.38.1-cp38-cp38-manylinux2010_x86_64.whl", hash = "sha256:6d898441ada374f76e0b5354d7e240e1c0e905a1ebcb1e95d9ffd99c88f63700"},
    {file = "grpcio-1.38.1-cp38-cp38-manylinux2014_i686.whl", hash = "sha256:59f5fb4ba219a11fdc1c23e17c93ca3090480a8cde4370c980908546ffc091e6"},
    {file = "grpcio-1.38.1-cp38-cp38-manylinux2014_x86_64.whl", hash = "sha256:cddd61bff66e42ef334f8cb9e719951e479b5ad2cb75c00338aac8de28e17484"},
    {file = "grpcio-1.38.1-cp38-cp38-manylinux_2_24_aarch64.whl", hash = "sha256:c323265a4f18f586e8de84fda12b48eb3bd48395294aa2b8c05307ac1680299d"},
    {file = "grpcio-1.38.1-cp38-cp38-win32.whl", hash = "sha256:72e8358c751da9ab4f8653a3b67b2a3bb7e330ee57cb26439c6af358d6eac032"},
    {file = "grpcio-1.38.1-cp38-cp38-win_amd64.whl", hash = "sha256:278e131bfbc57bab112359b98930b0fdbf81aa0ba2cdfc6555c7a5119d7e2117"},
    {file = "grpcio-1.38.1-cp39-cp39-linux_armv7l.whl", hash = "sha256:44efa41ac36f6bcbf4f64d6479b3031cceea28cf6892a77f15bd1c22611bff9d"},
    {file = "grpcio-1.38.1-cp39-cp39-macosx_10_10_x86_64.whl", hash = "sha256:cf6c3bfa403e055380fe90844beb4fe8e9448edab5d2bf40d37d208dbb2f768c"},
    {file = "grpcio-1.38.1-cp39-cp39-manylinux2010_i686.whl", hash = "sha256:5efa68fc3fe0c439e2858215f2224bfb7242c35079538d58063f68a0d5d5ec33"},
    {file = "grpcio-1.38.1-cp39-cp39-manylinux2010_x86_64.whl", hash = "sha256:2a179b2565fa85a134933acc7845f9d4c12e742c802b4f50bf2fd208bf8b741e"},
    {file = "grpcio-1.38.1-cp39-cp39-manylinux2014_i686.whl", hash = "sha256:b1624123710fa701988a8a43994de78416e5010ac1508f64ed41e2577358604a"},
    {file = "grpcio-1.38.1-cp39-cp39-manylinux2014_x86_64.whl", hash = "sha256:6a225440015db88ec4625a2a41c21582a50cce7ffbe38dcbbb416c7180352516"},
    {file = "grpcio-1.38.1-cp39-cp39-manylinux_2_24_aarch64.whl", hash = "sha256:e891b0936aab73550d673dd3bbf89fa9577b3db1a61baecea480afd36fdb1852"},
    {file = "grpcio-1.38.1-cp39-cp39-win32.whl", hash = "sha256:889518ce7c2a0609a3cffb7b667669a39b3410e869ff38e087bf7eeadad62e5d"},
    {file = "grpcio-1.38.1-cp39-cp39-win_amd64.whl", hash = "sha256:77054f24d46498d9696c809da7810b67bccf6153f9848ea48331708841926d82"},
    {file = "grpcio-1.38.1.tar.gz", hash = "sha256:1f79d8a24261e3c12ec3a6c25945ff799ae09874fd24815bc17c2dc37715ef6c"},
]
grpcio-reflection = [
    {file = "grpcio-reflection-1.38.1.tar.gz", hash = "sha256:31c407f4b1470cbda52d8f76a71f2743e0667f8620d103926bf5e4d3b3e342f3"},
    {file = "grpcio_reflection-1.38.1-py2-none-any.whl", hash = "sha256:b3e792e977569ba726336302c8c1ffd03064656e7b99df6a6923528c8d9d3b50"},
    {file = "grpcio_reflection-1.38.1-py3-none-any.whl", hash = "sha256:0966e7d53ced180a8cf7095a7adfe534fec5b378fe84bf4d7ce0e67108c41395"},
]
grpcio-tools = [
    {file = "grpcio-tools-1.38.0.tar.gz", hash = "sha256:c609678cf6faf4b467259757f848de4fbc7baca3c1e3f7b0e55c701c50fd94ae"},
    {file = "grpcio_tools-1.38.0-cp27-cp27m-macosx_10_10_x86_64.whl", hash = "sha256:9cb182b23a2e0a20d3f23cc6f84a692b773e4e24976c78a7d53b537d5f43f34a"},
    {file = "grpcio_tools-1.38.0-cp27-cp27m-manylinux2010_i686.whl", hash = "sha256:ba596f23d4659d984be3a8c8b739a49bf79a7d3007b62f724b36272a6d60d292"},
    {file = "grpcio_tools-1.38.0-cp27-cp27m-manylinux2010_x86_64.whl", hash = "sha256:b4fb8779fca9b80f91ca2cb6060837992edf87d7dd459d570adf8ddc0ca56352"},
    {file = "grpcio_tools-1.38.0-cp27-cp27m-win32.whl", hash = "sha256:e59cd98e3d33a3a9561a032d885ba7871bf7403afdd05dede360f74c58db19ca"},
    {file = "grpcio_tools-1.38.0-cp27-cp27m-win_amd64.whl", hash = "sha256:08f0a888e9d5a2f0a1fa35b052d240a391e832a07be025dced713f92070407bf"},
    {file = "grpcio_tools-1.38.0-cp27-cp27mu-manylinux2010_i686.whl", hash = "sha256:c7941214cdb6b2863d4fab467aa48fdffc7d2d0ae2bd9036cdd134572cf1abfa"},
    {file = "grpcio_tools-1.38.0-cp27-cp27mu-manylinux2010_x86_64.whl", hash = "sha256:adaa7dcdcfa168a24237c55444979e8bc2cab5aa20c8c64495ac0d029879feab"},
    {file = "grpcio_tools-1.38.0-cp35-cp35m-macosx_10_10_intel.whl", hash = "sha256:57798ceae33bcc215aacc2174dfc548904ac7727cb2193d7547aeb1d1149d35c"},
    {file = "grpcio_tools-1.38.0-cp35-cp35m-manylinux2010_i686.whl", hash = "sha256:56754f7b1a570ef0f49181ce5d0403817dd7d375bbd208f2743a25e9eef361fd"},
    {file = "grpcio_tools-1.38.0-cp35-cp35m-manylinux2010_x86_64.whl", hash = "sha256:8d4a1f889b36148295bb1a86e5423ad69d942230561752fc3ecfcc5c1ad29f86"},
    {file = "grpcio_tools-1.38.0-cp35-cp35m-manylinux2014_i686.whl", hash = "sha256:ec7917310360b8ddecb737d62af4810c44d9b674c3e38ef507670ef933ebd4b4"},
    {file = "grpcio_tools-1.38.0-cp35-cp35m-manylinux2014_x86_64.whl", hash = "sha256:58058dddb7d362249bbc3ac6d5c62837b050471c5b524e2b39a839607f4e1f21"},
    {file = "grpcio_tools-1.38.0-cp35-cp35m-win32.whl", hash = "sha256:b9e4df167e4e9ede2b14c4e9aa0c7f540b96ad80e875cdffa322938515baaf40"},
    {file = "grpcio_tools-1.38.0-cp35-cp35m-win_amd64.whl", hash = "sha256:c0dbfa1a9b09743255298c4aaf8872076aafc3c8accc6f1d61a2eb126970cbc7"},
    {file = "grpcio_tools-1.38.0-cp36-cp36m-linux_armv7l.whl", hash = "sha256:c1d04e2900a5c14051e29479ff161b0b7decaea7e6f4a3e217cbf41edf698856"},
    {file = "grpcio_tools-1.38.0-cp36-cp36m-macosx_10_10_x86_64.whl", hash = "sha256:61fd0659fe3a67154906364e8e78837bbda23c3a9d18c11f9bb1e17c0efdf6df"},
    {file = "grpcio_tools-1.38.0-cp36-cp36m-manylinux2010_i686.whl", hash = "sha256:d6146277dbd6b8da6ce8518496d064f1de5d92210fbb0efae0bcf32fa193d987"},
    {file = "grpcio_tools-1.38.0-cp36-cp36m-manylinux2010_x86_64.whl", hash = "sha256:7a1e2e52a3b6e1c8e1762fc7e270d8d9a08b15201661fde94ba7ad66ca5d6c98"},
    {file = "grpcio_tools-1.38.0-cp36-cp36m-manylinux2014_aarch64.whl", hash = "sha256:cabf621285501d64b5b8e202f290a6bd260081bbcce0457ddd60351ad11c3408"},
    {file = "grpcio_tools-1.38.0-cp36-cp36m-manylinux2014_i686.whl", hash = "sha256:ddcc0371875cb6c2728b4faff1a0b32b2294c004828d813a9cc69cb2b69c517e"},
    {file = "grpcio_tools-1.38.0-cp36-cp36m-manylinux2014_x86_64.whl", hash = "sha256:2cad9aef5edf0b40e16403627ea9ce186facfc4e26936ee467593116d7db15a2"},
    {file = "grpcio_tools-1.38.0-cp36-cp36m-win32.whl", hash = "sha256:dd0dafe045cdbff9bc32ae833853aa480ee0458c79bb7f10d2d6302b33914cd8"},
    {file = "grpcio_tools-1.38.0-cp36-cp36m-win_amd64.whl", hash = "sha256:76f3301f45d7913480a166d472969f8328f37f12f59eb9c9c993905199d4e6a2"},
    {file = "grpcio_tools-1.38.0-cp37-cp37m-linux_armv7l.whl", hash = "sha256:410495b05ebc822895078f7aad593009f0f65dec5133eadb18cf3d8d2c226ade"},
    {file = "grpcio_tools-1.38.0-cp37-cp37m-macosx_10_10_x86_64.whl", hash = "sha256:0efe2ded3ce6301aff1cfb1103f75206f2dffd518f63879fe24a9833cd35ce38"},
    {file = "grpcio_tools-1.38.0-cp37-cp37m-manylinux2010_i686.whl", hash = "sha256:92b85f78efb90d2f78e6e0aa1a380c159eac9b0b88c425b436d7ac744cf6a30d"},
    {file = "grpcio_tools-1.38.0-cp37-cp37m-manylinux2010_x86_64.whl", hash = "sha256:54ed34d2a45a62b9709615cea4df306128d7f42d95394b9728cc4bb3487a23bd"},
    {file = "grpcio_tools-1.38.0-cp37-cp37m-manylinux2014_aarch64.whl", hash = "sha256:e375a117fb5272e09faf138f08540d6d51e8d90e6983008dadd70affd195b30c"},
    {file = "grpcio_tools-1.38.0-cp37-cp37m-manylinux2014_i686.whl", hash = "sha256:17e0c6543b573d66f2b35b7b4b80f201edce6ea8defc2bcdcc8a061609b51456"},
    {file = "grpcio_tools-1.38.0-cp37-cp37m-manylinux2014_x86_64.whl", hash = "sha256:18d7d198a6a43ce2907724c224ed66a1e6660975d4ce8eb5cb0d155cdc5eb78e"},
    {file = "grpcio_tools-1.38.0-cp37-cp37m-win32.whl", hash = "sha256:ba11763a9436093f6855b39cfc2a6b2bc33e4176fe32015bcb3855bb48f2524a"},
    {file = "grpcio_tools-1.38.0-cp37-cp37m-win_amd64.whl", hash = "sha256:adb0d92ba1031e23feade7189d741d824cbc64dea256ae2d3498e88d4c64b632"},
    {file = "grpcio_tools-1.38.0-cp38-cp38-linux_armv7l.whl", hash = "sha256:0eb8408aad583dce6e2d35b078b03d0720227c3d35322f4326936c820d4c0587"},
    {file = "grpcio_tools-1.38.0-cp38-cp38-macosx_10_10_x86_64.whl", hash = "sha256:4bbfb71f37c72d0b1abac210ba5dc5780a34c065e67f2f7a2f1dc84e800b0ca3"},
    {file = "grpcio_tools-1.38.0-cp38-cp38-manylinux2010_i686.whl", hash = "sha256:08b824a18d79dca6613ed53c7792ffd87899ea26639b5ce7eb83fc9295a6c7dd"},
    {file = "grpcio_tools-1.38.0-cp38-cp38-manylinux2010_x86_64.whl", hash = "sha256:e27b5b69b5756c6966606b30f6f5380a91050fe43048ceb3934c136ffe622e5e"},
    {file = "grpcio_tools-1.38.0-cp38-cp38-manylinux2014_aarch64.whl", hash = "sha256:0c5b459cf65be3a11a2222a5a200962fb50475585d31921bd1679c579590e188"},
    {file = "grpcio_tools-1.38.0-cp38-cp38-manylinux2014_i686.whl", hash = "sha256:cf35e7d64a2e2faba0c041f2b4f715c138952b9f2fb5bb1a60a46d558f4113d4"},
    {file = "grpcio_tools-1.38.0-cp38-cp38-manylinux2014_x86_64.whl", hash = "sha256:041ee3c4c4ec048029db07981c8255bcf26ab3b8436e372e8f7c8b1258d8b44a"},
    {file = "grpcio_tools-1.38.0-cp38-cp38-win32.whl", hash = "sha256:a9a7afbdedee4735dfc1848f24a8c8c421d70f8f84529bbf30f2ffabf4ecf212"},
    {file = "grpcio_tools-1.38.0-cp38-cp38-win_amd64.whl", hash = "sha256:9bc75135df871347899cf9f03d6a2dd8bcd69350fd75f02911c88a070ccd8465"},
    {file = "grpcio_tools-1.38.0-cp39-cp39-linux_armv7l.whl", hash = "sha256:cacdd2b7f41026c89321373a4b235243d1613b92a750fdc1ba7f48edfe809b76"},
    {file = "grpcio_tools-1.38.0-cp39-cp39-macosx_10_10_x86_64.whl", hash = "sha256:fa1098f49ccab3f06ee9533a9caa82ba02fe90d8461b6c35b983173ad3dcd6fa"},
    {file = "grpcio_tools-1.38.0-cp39-cp39-manylinux2010_i686.whl", hash = "sha256:556ffa61c4f705e5fd230b629f5bdd3c4d6ae654299baea037d68b341e8d6525"},
    {file = "grpcio_tools-1.38.0-cp39-cp39-manylinux2010_x86_64.whl", hash = "sha256:b76e8ec283b1ca162f23a9c8cf4a4797bd9904c79523bb28e336b4b112855386"},
    {file = "grpcio_tools-1.38.0-cp39-cp39-manylinux2014_aarch64.whl", hash = "sha256:7ae7be0f0b5d698859a606118dcd3b74ced56a45f906c99549b31882ecfd2bcd"},
    {file = "grpcio_tools-1.38.0-cp39-cp39-manylinux2014_i686.whl", hash = "sha256:d8b25bfcde255bb391488cf463bb2dd64fa5d01f4650463640f780817a5e43b5"},
    {file = "grpcio_tools-1.38.0-cp39-cp39-manylinux2014_x86_64.whl", hash = "sha256:5a159a359588bb8130871b4bb8d7b89457babc82fc196a0e794c0d630358da7a"},
    {file = "grpcio_tools-1.38.0-cp39-cp39-win32.whl", hash = "sha256:1be89cc16be3984b43e40ea456e9e5428561987e99da2d79c1fc2629e87b6438"},
    {file = "grpcio_tools-1.38.0-cp39-cp39-win_amd64.whl", hash = "sha256:405a70b315970523c35bb487b1533a22ff4a126c649f074b4df49cb1e304561d"},
]
importlib-metadata = [
    {file = "importlib_metadata-4.10.0-py3-none-any.whl", hash = "sha256:b7cf7d3fef75f1e4c80a96ca660efbd51473d7e8f39b5ab9210febc7809012a4"},
    {file = "importlib_metadata-4.10.0.tar.gz", hash = "sha256:92a8b58ce734b2a4494878e0ecf7d79ccd7a128b5fc6014c401e0b61f006f0f6"},
]
mslex = [
    {file = "mslex-0.3.0-py2.py3-none-any.whl", hash = "sha256:380cb14abf8fabf40e56df5c8b21a6d533dc5cbdcfe42406bbf08dda8f42e42a"},
    {file = "mslex-0.3.0.tar.gz", hash = "sha256:4a1ac3f25025cad78ad2fe499dd16d42759f7a3801645399cce5c404415daa97"},
]
prometheus-client = [
    {file = "prometheus_client-0.8.0-py2.py3-none-any.whl", hash = "sha256:983c7ac4b47478720db338f1491ef67a100b474e3bc7dafcbaefb7d0b8f9b01c"},
    {file = "prometheus_client-0.8.0.tar.gz", hash = "sha256:c6e6b706833a6bd1fd51711299edee907857be10ece535126a158f911ee80915"},
]
protobuf = [
    {file = "protobuf-3.19.3-cp310-cp310-macosx_10_9_universal2.whl", hash = "sha256:1cb2ed66aac593adbf6dca4f07cd7ee7e2958b17bbc85b2cc8bc564ebeb258ec"},
    {file = "protobuf-3.19.3-cp310-cp310-manylinux2014_aarch64.whl", hash = "sha256:898bda9cd37ec0c781b598891e86435de80c3bfa53eb483a9dac5a11ec93e942"},
    {file = "protobuf-3.19.3-cp310-cp310-manylinux_2_17_x86_64.manylinux2014_x86_64.whl", hash = "sha256:8ad761ef3be34c8bdc7285bec4b40372a8dad9e70cfbdc1793cd3cf4c1a4ce74"},
    {file = "protobuf-3.19.3-cp310-cp310-win32.whl", hash = "sha256:2cddcbcc222f3144765ccccdb35d3621dc1544da57a9aca7e1944c1a4fe3db11"},
    {file = "protobuf-3.19.3-cp310-cp310-win_amd64.whl", hash = "sha256:6202df8ee8457cb00810c6e76ced480f22a1e4e02c899a14e7b6e6e1de09f938"},
    {file = "protobuf-3.19.3-cp36-cp36m-macosx_10_9_x86_64.whl", hash = "sha256:397d82f1c58b76445469c8c06b8dee1ff67b3053639d054f52599a458fac9bc6"},
    {file = "protobuf-3.19.3-cp36-cp36m-manylinux_2_17_x86_64.manylinux2014_x86_64.whl", hash = "sha256:e54b8650e849ee8e95e481024bff92cf98f5ec61c7650cb838d928a140adcb63"},
    {file = "protobuf-3.19.3-cp36-cp36m-win32.whl", hash = "sha256:3bf3a07d17ba3511fe5fa916afb7351f482ab5dbab5afe71a7a384274a2cd550"},
    {file = "protobuf-3.19.3-cp36-cp36m-win_amd64.whl", hash = "sha256:afa8122de8064fd577f49ae9eef433561c8ace97a0a7b969d56e8b1d39b5d177"},
    {file = "protobuf-3.19.3-cp37-cp37m-macosx_10_9_x86_64.whl", hash = "sha256:18c40a1b8721026a85187640f1786d52407dc9c1ba8ec38accb57a46e84015f6"},
    {file = "protobuf-3.19.3-cp37-cp37m-manylinux2014_aarch64.whl", hash = "sha256:af7238849fa79285d448a24db686517570099739527a03c9c2971cce99cc5ae2"},
    {file = "protobuf-3.19.3-cp37-cp37m-manylinux_2_17_x86_64.manylinux2014_x86_64.whl", hash = "sha256:e765e6dfbbb02c55e4d6d1145743401a84fc0b508f5a81b2c5a738cf86353139"},
    {file = "protobuf-3.19.3-cp37-cp37m-win32.whl", hash = "sha256:c781402ed5396ab56358d7b866d78c03a77cbc26ba0598d8bb0ac32084b1a257"},
    {file = "protobuf-3.19.3-cp37-cp37m-win_amd64.whl", hash = "sha256:544fe9705189b249380fae07952d220c97f5c6c9372a6f936cc83a79601dcb70"},
    {file = "protobuf-3.19.3-cp38-cp38-macosx_10_9_x86_64.whl", hash = "sha256:84bf3aa3efb00dbe1c7ed55da0f20800b0662541e582d7e62b3e1464d61ed365"},
    {file = "protobuf-3.19.3-cp38-cp38-manylinux2014_aarch64.whl", hash = "sha256:3f80a3491eaca767cdd86cb8660dc778f634b44abdb0dffc9b2a8e8d0cd617d0"},
    {file = "protobuf-3.19.3-cp38-cp38-manylinux_2_17_x86_64.manylinux2014_x86_64.whl", hash = "sha256:a9401d96552befcc7311f5ef8f0fa7dba0ef5fd805466b158b141606cd0ab6a8"},
    {file = "protobuf-3.19.3-cp38-cp38-win32.whl", hash = "sha256:ef02d112c025e83db5d1188a847e358beab3e4bbfbbaf10eaf69e67359af51b2"},
    {file = "protobuf-3.19.3-cp38-cp38-win_amd64.whl", hash = "sha256:1291a0a7db7d792745c99d4657b4c5c4942695c8b1ac1bfb993a34035ec123f7"},
    {file = "protobuf-3.19.3-cp39-cp39-macosx_10_9_x86_64.whl", hash = "sha256:49677e5e9c7ea1245a90c2e8a00d304598f22ea3aa0628f0e0a530a9e70665fa"},
    {file = "protobuf-3.19.3-cp39-cp39-manylinux2014_aarch64.whl", hash = "sha256:df2ba379ee42427e8fcc6a0a76843bff6efb34ef5266b17f95043939b5e25b69"},
    {file = "protobuf-3.19.3-cp39-cp39-manylinux_2_17_x86_64.manylinux2014_x86_64.whl", hash = "sha256:2acd7ca329be544d1a603d5f13a4e34a3791c90d651ebaf130ba2e43ae5397c6"},
    {file = "protobuf-3.19.3-cp39-cp39-win32.whl", hash = "sha256:b53519b2ebec70cfe24b4ddda21e9843f0918d7c3627a785393fb35d402ab8ad"},
    {file = "protobuf-3.19.3-cp39-cp39-win_amd64.whl", hash = "sha256:8ceaf5fdb72c8e1fcb7be9f2b3b07482ce058a3548180c0bdd5c7e4ac5e14165"},
    {file = "protobuf-3.19.3-py2.py3-none-any.whl", hash = "sha256:f6d4b5b7595a57e69eb7314c67bef4a3c745b4caf91accaf72913d8e0635111b"},
    {file = "protobuf-3.19.3.tar.gz", hash = "sha256:d975a6314fbf5c524d4981e24294739216b5fb81ef3c14b86fb4b045d6690907"},
]
psutil = [
    {file = "psutil-5.9.0-cp27-cp27m-manylinux2010_i686.whl", hash = "sha256:55ce319452e3d139e25d6c3f85a1acf12d1607ddedea5e35fb47a552c051161b"},
    {file = "psutil-5.9.0-cp27-cp27m-manylinux2010_x86_64.whl", hash = "sha256:7336292a13a80eb93c21f36bde4328aa748a04b68c13d01dfddd67fc13fd0618"},
    {file = "psutil-5.9.0-cp27-cp27mu-manylinux2010_i686.whl", hash = "sha256:cb8d10461c1ceee0c25a64f2dd54872b70b89c26419e147a05a10b753ad36ec2"},
    {file = "psutil-5.9.0-cp27-cp27mu-manylinux2010_x86_64.whl", hash = "sha256:7641300de73e4909e5d148e90cc3142fb890079e1525a840cf0dfd39195239fd"},
    {file = "psutil-5.9.0-cp27-none-win32.whl", hash = "sha256:ea42d747c5f71b5ccaa6897b216a7dadb9f52c72a0fe2b872ef7d3e1eacf3ba3"},
    {file = "psutil-5.9.0-cp27-none-win_amd64.whl", hash = "sha256:ef216cc9feb60634bda2f341a9559ac594e2eeaadd0ba187a4c2eb5b5d40b91c"},
    {file = "psutil-5.9.0-cp310-cp310-macosx_10_9_x86_64.whl", hash = "sha256:90a58b9fcae2dbfe4ba852b57bd4a1dded6b990a33d6428c7614b7d48eccb492"},
    {file = "psutil-5.9.0-cp310-cp310-manylinux_2_12_i686.manylinux2010_i686.manylinux_2_17_i686.manylinux2014_i686.whl", hash = "sha256:ff0d41f8b3e9ebb6b6110057e40019a432e96aae2008951121ba4e56040b84f3"},
    {file = "psutil-5.9.0-cp310-cp310-manylinux_2_12_x86_64.manylinux2010_x86_64.manylinux_2_17_x86_64.manylinux2014_x86_64.whl", hash = "sha256:742c34fff804f34f62659279ed5c5b723bb0195e9d7bd9907591de9f8f6558e2"},
    {file = "psutil-5.9.0-cp310-cp310-win32.whl", hash = "sha256:8293942e4ce0c5689821f65ce6522ce4786d02af57f13c0195b40e1edb1db61d"},
    {file = "psutil-5.9.0-cp310-cp310-win_amd64.whl", hash = "sha256:9b51917c1af3fa35a3f2dabd7ba96a2a4f19df3dec911da73875e1edaf22a40b"},
    {file = "psutil-5.9.0-cp36-cp36m-macosx_10_9_x86_64.whl", hash = "sha256:e9805fed4f2a81de98ae5fe38b75a74c6e6ad2df8a5c479594c7629a1fe35f56"},
    {file = "psutil-5.9.0-cp36-cp36m-manylinux_2_12_i686.manylinux2010_i686.manylinux_2_17_i686.manylinux2014_i686.whl", hash = "sha256:c51f1af02334e4b516ec221ee26b8fdf105032418ca5a5ab9737e8c87dafe203"},
    {file = "psutil-5.9.0-cp36-cp36m-manylinux_2_12_x86_64.manylinux2010_x86_64.manylinux_2_17_x86_64.manylinux2014_x86_64.whl", hash = "sha256:32acf55cb9a8cbfb29167cd005951df81b567099295291bcfd1027365b36591d"},
    {file = "psutil-5.9.0-cp36-cp36m-win32.whl", hash = "sha256:e5c783d0b1ad6ca8a5d3e7b680468c9c926b804be83a3a8e95141b05c39c9f64"},
    {file = "psutil-5.9.0-cp36-cp36m-win_amd64.whl", hash = "sha256:d62a2796e08dd024b8179bd441cb714e0f81226c352c802fca0fd3f89eeacd94"},
    {file = "psutil-5.9.0-cp37-cp37m-macosx_10_9_x86_64.whl", hash = "sha256:3d00a664e31921009a84367266b35ba0aac04a2a6cad09c550a89041034d19a0"},
    {file = "psutil-5.9.0-cp37-cp37m-manylinux_2_12_i686.manylinux2010_i686.manylinux_2_17_i686.manylinux2014_i686.whl", hash = "sha256:7779be4025c540d1d65a2de3f30caeacc49ae7a2152108adeaf42c7534a115ce"},
    {file = "psutil-5.9.0-cp37-cp37m-manylinux_2_12_x86_64.manylinux2010_x86_64.manylinux_2_17_x86_64.manylinux2014_x86_64.whl", hash = "sha256:072664401ae6e7c1bfb878c65d7282d4b4391f1bc9a56d5e03b5a490403271b5"},
    {file = "psutil-5.9.0-cp37-cp37m-win32.whl", hash = "sha256:df2c8bd48fb83a8408c8390b143c6a6fa10cb1a674ca664954de193fdcab36a9"},
    {file = "psutil-5.9.0-cp37-cp37m-win_amd64.whl", hash = "sha256:1d7b433519b9a38192dfda962dd8f44446668c009833e1429a52424624f408b4"},
    {file = "psutil-5.9.0-cp38-cp38-macosx_10_9_x86_64.whl", hash = "sha256:c3400cae15bdb449d518545cbd5b649117de54e3596ded84aacabfbb3297ead2"},
    {file = "psutil-5.9.0-cp38-cp38-manylinux_2_12_i686.manylinux2010_i686.manylinux_2_17_i686.manylinux2014_i686.whl", hash = "sha256:b2237f35c4bbae932ee98902a08050a27821f8f6dfa880a47195e5993af4702d"},
    {file = "psutil-5.9.0-cp38-cp38-manylinux_2_12_x86_64.manylinux2010_x86_64.manylinux_2_17_x86_64.manylinux2014_x86_64.whl", hash = "sha256:1070a9b287846a21a5d572d6dddd369517510b68710fca56b0e9e02fd24bed9a"},
    {file = "psutil-5.9.0-cp38-cp38-win32.whl", hash = "sha256:76cebf84aac1d6da5b63df11fe0d377b46b7b500d892284068bacccf12f20666"},
    {file = "psutil-5.9.0-cp38-cp38-win_amd64.whl", hash = "sha256:3151a58f0fbd8942ba94f7c31c7e6b310d2989f4da74fcbf28b934374e9bf841"},
    {file = "psutil-5.9.0-cp39-cp39-macosx_10_9_x86_64.whl", hash = "sha256:539e429da49c5d27d5a58e3563886057f8fc3868a5547b4f1876d9c0f007bccf"},
    {file = "psutil-5.9.0-cp39-cp39-manylinux_2_12_i686.manylinux2010_i686.manylinux_2_17_i686.manylinux2014_i686.whl", hash = "sha256:58c7d923dc209225600aec73aa2c4ae8ea33b1ab31bc11ef8a5933b027476f07"},
    {file = "psutil-5.9.0-cp39-cp39-manylinux_2_12_x86_64.manylinux2010_x86_64.manylinux_2_17_x86_64.manylinux2014_x86_64.whl", hash = "sha256:3611e87eea393f779a35b192b46a164b1d01167c9d323dda9b1e527ea69d697d"},
    {file = "psutil-5.9.0-cp39-cp39-win32.whl", hash = "sha256:4e2fb92e3aeae3ec3b7b66c528981fd327fb93fd906a77215200404444ec1845"},
    {file = "psutil-5.9.0-cp39-cp39-win_amd64.whl", hash = "sha256:7d190ee2eaef7831163f254dc58f6d2e2a22e27382b936aab51c835fc080c3d3"},
    {file = "psutil-5.9.0.tar.gz", hash = "sha256:869842dbd66bb80c3217158e629d6fceaecc3a3166d3d1faee515b05dd26ca25"},
]
pyyaml = [
    {file = "PyYAML-5.4.1-cp27-cp27m-macosx_10_9_x86_64.whl", hash = "sha256:3b2b1824fe7112845700f815ff6a489360226a5609b96ec2190a45e62a9fc922"},
    {file = "PyYAML-5.4.1-cp27-cp27m-win32.whl", hash = "sha256:129def1b7c1bf22faffd67b8f3724645203b79d8f4cc81f674654d9902cb4393"},
    {file = "PyYAML-5.4.1-cp27-cp27m-win_amd64.whl", hash = "sha256:4465124ef1b18d9ace298060f4eccc64b0850899ac4ac53294547536533800c8"},
    {file = "PyYAML-5.4.1-cp27-cp27mu-manylinux1_x86_64.whl", hash = "sha256:bb4191dfc9306777bc594117aee052446b3fa88737cd13b7188d0e7aa8162185"},
    {file = "PyYAML-5.4.1-cp36-cp36m-macosx_10_9_x86_64.whl", hash = "sha256:6c78645d400265a062508ae399b60b8c167bf003db364ecb26dcab2bda048253"},
    {file = "PyYAML-5.4.1-cp36-cp36m-manylinux1_x86_64.whl", hash = "sha256:4e0583d24c881e14342eaf4ec5fbc97f934b999a6828693a99157fde912540cc"},
    {file = "PyYAML-5.4.1-cp36-cp36m-manylinux2014_aarch64.whl", hash = "sha256:72a01f726a9c7851ca9bfad6fd09ca4e090a023c00945ea05ba1638c09dc3347"},
    {file = "PyYAML-5.4.1-cp36-cp36m-manylinux2014_s390x.whl", hash = "sha256:895f61ef02e8fed38159bb70f7e100e00f471eae2bc838cd0f4ebb21e28f8541"},
    {file = "PyYAML-5.4.1-cp36-cp36m-win32.whl", hash = "sha256:3bd0e463264cf257d1ffd2e40223b197271046d09dadf73a0fe82b9c1fc385a5"},
    {file = "PyYAML-5.4.1-cp36-cp36m-win_amd64.whl", hash = "sha256:e4fac90784481d221a8e4b1162afa7c47ed953be40d31ab4629ae917510051df"},
    {file = "PyYAML-5.4.1-cp37-cp37m-macosx_10_9_x86_64.whl", hash = "sha256:5accb17103e43963b80e6f837831f38d314a0495500067cb25afab2e8d7a4018"},
    {file = "PyYAML-5.4.1-cp37-cp37m-manylinux1_x86_64.whl", hash = "sha256:e1d4970ea66be07ae37a3c2e48b5ec63f7ba6804bdddfdbd3cfd954d25a82e63"},
    {file = "PyYAML-5.4.1-cp37-cp37m-manylinux2014_aarch64.whl", hash = "sha256:cb333c16912324fd5f769fff6bc5de372e9e7a202247b48870bc251ed40239aa"},
    {file = "PyYAML-5.4.1-cp37-cp37m-manylinux2014_s390x.whl", hash = "sha256:fe69978f3f768926cfa37b867e3843918e012cf83f680806599ddce33c2c68b0"},
    {file = "PyYAML-5.4.1-cp37-cp37m-win32.whl", hash = "sha256:dd5de0646207f053eb0d6c74ae45ba98c3395a571a2891858e87df7c9b9bd51b"},
    {file = "PyYAML-5.4.1-cp37-cp37m-win_amd64.whl", hash = "sha256:08682f6b72c722394747bddaf0aa62277e02557c0fd1c42cb853016a38f8dedf"},
    {file = "PyYAML-5.4.1-cp38-cp38-macosx_10_9_x86_64.whl", hash = "sha256:d2d9808ea7b4af864f35ea216be506ecec180628aced0704e34aca0b040ffe46"},
    {file = "PyYAML-5.4.1-cp38-cp38-manylinux1_x86_64.whl", hash = "sha256:8c1be557ee92a20f184922c7b6424e8ab6691788e6d86137c5d93c1a6ec1b8fb"},
    {file = "PyYAML-5.4.1-cp38-cp38-manylinux2014_aarch64.whl", hash = "sha256:fd7f6999a8070df521b6384004ef42833b9bd62cfee11a09bda1079b4b704247"},
    {file = "PyYAML-5.4.1-cp38-cp38-manylinux2014_s390x.whl", hash = "sha256:bfb51918d4ff3d77c1c856a9699f8492c612cde32fd3bcd344af9be34999bfdc"},
    {file = "PyYAML-5.4.1-cp38-cp38-win32.whl", hash = "sha256:fa5ae20527d8e831e8230cbffd9f8fe952815b2b7dae6ffec25318803a7528fc"},
    {file = "PyYAML-5.4.1-cp38-cp38-win_amd64.whl", hash = "sha256:0f5f5786c0e09baddcd8b4b45f20a7b5d61a7e7e99846e3c799b05c7c53fa696"},
    {file = "PyYAML-5.4.1-cp39-cp39-macosx_10_9_x86_64.whl", hash = "sha256:294db365efa064d00b8d1ef65d8ea2c3426ac366c0c4368d930bf1c5fb497f77"},
    {file = "PyYAML-5.4.1-cp39-cp39-manylinux1_x86_64.whl", hash = "sha256:74c1485f7707cf707a7aef42ef6322b8f97921bd89be2ab6317fd782c2d53183"},
    {file = "PyYAML-5.4.1-cp39-cp39-manylinux2014_aarch64.whl", hash = "sha256:d483ad4e639292c90170eb6f7783ad19490e7a8defb3e46f97dfe4bacae89122"},
    {file = "PyYAML-5.4.1-cp39-cp39-manylinux2014_s390x.whl", hash = "sha256:fdc842473cd33f45ff6bce46aea678a54e3d21f1b61a7750ce3c498eedfe25d6"},
    {file = "PyYAML-5.4.1-cp39-cp39-win32.whl", hash = "sha256:49d4cdd9065b9b6e206d0595fee27a96b5dd22618e7520c33204a4a3239d5b10"},
    {file = "PyYAML-5.4.1-cp39-cp39-win_amd64.whl", hash = "sha256:c20cfa2d49991c8b4147af39859b167664f2ad4561704ee74c1de03318e898db"},
    {file = "PyYAML-5.4.1.tar.gz", hash = "sha256:607774cbba28732bfa802b54baa7484215f530991055bb562efbed5b2f20a45e"},
]
six = [
    {file = "six-1.16.0-py2.py3-none-any.whl", hash = "sha256:8abb2f1d86890a2dfb989f9a77cfcfd3e47c2a354b01111771326f8aa26e0254"},
    {file = "six-1.16.0.tar.gz", hash = "sha256:1e61c37477a1626458e36f7b1d82aa5c9b094fa4802892072e49de9c60c4c926"},
]
taskipy = [
    {file = "taskipy-1.9.0-py3-none-any.whl", hash = "sha256:02bd2c51c7356ed3f7f8853210ada1cd2ab273e68359ee865021c3057eec6615"},
    {file = "taskipy-1.9.0.tar.gz", hash = "sha256:449c160b557cdb1d9c17097a5ea4aa0cd5223723ddbaaa5d5032dd16274fb8f0"},
]
toml = [
    {file = "toml-0.10.2-py2.py3-none-any.whl", hash = "sha256:806143ae5bfb6a3c6e736a764057db0e6a0e05e338b5630894a5f779cabb4f9b"},
    {file = "toml-0.10.2.tar.gz", hash = "sha256:b3bda1d108d5dd99f4a20d24d9c348e91c4db7ab1b749200bded2f839ccbe68f"},
]
typing-extensions = [
    {file = "typing_extensions-4.0.1-py3-none-any.whl", hash = "sha256:7f001e5ac290a0c0401508864c7ec868be4e701886d5b573a9528ed3973d9d3b"},
    {file = "typing_extensions-4.0.1.tar.gz", hash = "sha256:4ca091dea149f945ec56afb48dae714f21e8692ef22a395223bcd328961b6a0e"},
]
zipp = [
    {file = "zipp-3.7.0-py3-none-any.whl", hash = "sha256:b47250dd24f92b7dd6a0a8fc5244da14608f3ca90a5efcd37a3b1642fac9a375"},
    {file = "zipp-3.7.0.tar.gz", hash = "sha256:9f50f446828eb9d45b267433fd3e9da8d801f614129124863f9c51ebceafb87d"},
]
