{
  "name": "@cogment/cogment_verse_gym",
  "version": "0.1.0",
  "lockfileVersion": 3,
  "requires": true,
  "packages": {
    "": {
      "name": "@cogment/cogment_verse_gym",
      "version": "0.1.0",
      "dependencies": {
        "react": "^18.2.0"
      },
      "devDependencies": {
        "esbuild": "0.18.0"
      }
    },
<<<<<<< HEAD
=======
    "node_modules/@esbuild/android-arm": {
      "version": "0.18.0",
      "resolved": "https://registry.npmjs.org/@esbuild/android-arm/-/android-arm-0.18.0.tgz",
      "integrity": "sha512-+uLHSiWK3qOeyDYCf/nuvIgCnQsYjXWNa3TlGYLW1pPG7OYMawllU+VyBgHQPjF2aIUVFpfrvz5aAfxGk/0qNg==",
      "cpu": [
        "arm"
      ],
      "dev": true,
      "optional": true,
      "os": [
        "android"
      ],
      "engines": {
        "node": ">=12"
      }
    },
    "node_modules/@esbuild/android-arm64": {
      "version": "0.18.0",
      "resolved": "https://registry.npmjs.org/@esbuild/android-arm64/-/android-arm64-0.18.0.tgz",
      "integrity": "sha512-nAwRCs5+jxi3gBMVkOqmRvsITB/UtfpvkbMwAwJUIbp66NnPbV2KGCFnjNn7IEqabJQXfBLe/QLdjCGpHU+yEw==",
      "cpu": [
        "arm64"
      ],
      "dev": true,
      "optional": true,
      "os": [
        "android"
      ],
      "engines": {
        "node": ">=12"
      }
    },
    "node_modules/@esbuild/android-x64": {
      "version": "0.18.0",
      "resolved": "https://registry.npmjs.org/@esbuild/android-x64/-/android-x64-0.18.0.tgz",
      "integrity": "sha512-TiOJmHQ8bXCGlYLpBd3Qy7N8dxi4n6q+nOmTzPr5Hb/bUr+PKuP4e5lWaOlpkaKc1Q9wsFt+sHfQpFCrM7SMow==",
      "cpu": [
        "x64"
      ],
      "dev": true,
      "optional": true,
      "os": [
        "android"
      ],
      "engines": {
        "node": ">=12"
      }
    },
    "node_modules/@esbuild/darwin-arm64": {
      "version": "0.18.0",
      "resolved": "https://registry.npmjs.org/@esbuild/darwin-arm64/-/darwin-arm64-0.18.0.tgz",
      "integrity": "sha512-5GsFovtGyjMIXJrcCzmI1hX3TneCrmFncFIlo0WrRvWcVU6H094P854ZaP8qoLgevXhggO2dhlEGYY0Zv6/S9Q==",
      "cpu": [
        "arm64"
      ],
      "dev": true,
      "optional": true,
      "os": [
        "darwin"
      ],
      "engines": {
        "node": ">=12"
      }
    },
    "node_modules/@esbuild/darwin-x64": {
      "version": "0.18.0",
      "resolved": "https://registry.npmjs.org/@esbuild/darwin-x64/-/darwin-x64-0.18.0.tgz",
      "integrity": "sha512-4K/QCksQ8F58rvC1D62Xi4q4E7YWpiyc3zy2H/n1W7y0hjQpOBBxciLn0qycMskP/m/I5h9HNbRlu1aK821sHg==",
      "cpu": [
        "x64"
      ],
      "dev": true,
      "optional": true,
      "os": [
        "darwin"
      ],
      "engines": {
        "node": ">=12"
      }
    },
    "node_modules/@esbuild/freebsd-arm64": {
      "version": "0.18.0",
      "resolved": "https://registry.npmjs.org/@esbuild/freebsd-arm64/-/freebsd-arm64-0.18.0.tgz",
      "integrity": "sha512-DMazN0UGzipD0Fi1O9pRX0xfp+JC3gSnFWxTWq88Dr/odWhZzm8Jqy44LN2veYeipb1fBMxhoEp7eCr902SWqg==",
      "cpu": [
        "arm64"
      ],
      "dev": true,
      "optional": true,
      "os": [
        "freebsd"
      ],
      "engines": {
        "node": ">=12"
      }
    },
    "node_modules/@esbuild/freebsd-x64": {
      "version": "0.18.0",
      "resolved": "https://registry.npmjs.org/@esbuild/freebsd-x64/-/freebsd-x64-0.18.0.tgz",
      "integrity": "sha512-GdkJAB3ZBiYnie9iFO9v/CM4ko0dm5SYkUs97lBKNLHw9mo4H9IXwGNKtUztisEsmUP0IWfEi4YTWOJF3DIO4w==",
      "cpu": [
        "x64"
      ],
      "dev": true,
      "optional": true,
      "os": [
        "freebsd"
      ],
      "engines": {
        "node": ">=12"
      }
    },
    "node_modules/@esbuild/linux-arm": {
      "version": "0.18.0",
      "resolved": "https://registry.npmjs.org/@esbuild/linux-arm/-/linux-arm-0.18.0.tgz",
      "integrity": "sha512-A3Ue/oZdb43znNpeY71FrAjZF20MtnBKCGb1vXLIVg5qg8rRM1gRgn6X2ixYwATiw5dE04JnP+aV4OBf8c5ZvQ==",
      "cpu": [
        "arm"
      ],
      "dev": true,
      "optional": true,
      "os": [
        "linux"
      ],
      "engines": {
        "node": ">=12"
      }
    },
    "node_modules/@esbuild/linux-arm64": {
      "version": "0.18.0",
      "resolved": "https://registry.npmjs.org/@esbuild/linux-arm64/-/linux-arm64-0.18.0.tgz",
      "integrity": "sha512-Mb3yCN9PXA6G5qf84UF0IEuXP22eyNlquF17Zs2F1vVBM0CtyWLYosC5JaxBxfK6EzWwB2IkPBIjMeK3ek+ItA==",
      "cpu": [
        "arm64"
      ],
      "dev": true,
      "optional": true,
      "os": [
        "linux"
      ],
      "engines": {
        "node": ">=12"
      }
    },
    "node_modules/@esbuild/linux-ia32": {
      "version": "0.18.0",
      "resolved": "https://registry.npmjs.org/@esbuild/linux-ia32/-/linux-ia32-0.18.0.tgz",
      "integrity": "sha512-WNDXgJdfDhN6ZxHU7HgR2BRDVx9iGN8SpmebUUGdENg4MZJndGcaQuf2kCJjMwoK0+es1g61TeJzAMxfgDcmcA==",
      "cpu": [
        "ia32"
      ],
      "dev": true,
      "optional": true,
      "os": [
        "linux"
      ],
      "engines": {
        "node": ">=12"
      }
    },
    "node_modules/@esbuild/linux-loong64": {
      "version": "0.18.0",
      "resolved": "https://registry.npmjs.org/@esbuild/linux-loong64/-/linux-loong64-0.18.0.tgz",
      "integrity": "sha512-PBr8Lf+L8amvheTGFVNK/0qionszkOKMq2WyfFlVz8D41v0+uSth6fYYHwtASkMk4xf+oh0vW8NYuav3/3RHuQ==",
      "cpu": [
        "loong64"
      ],
      "dev": true,
      "optional": true,
      "os": [
        "linux"
      ],
      "engines": {
        "node": ">=12"
      }
    },
    "node_modules/@esbuild/linux-mips64el": {
      "version": "0.18.0",
      "resolved": "https://registry.npmjs.org/@esbuild/linux-mips64el/-/linux-mips64el-0.18.0.tgz",
      "integrity": "sha512-Lg4ygah5bwfDDCOMFsBJjSVbD1UzNwWt4f7DhpaSIFOrJqoECX1VTByKw3iSDAVRlwl1cljlfy7wlysrRZcdiQ==",
      "cpu": [
        "mips64el"
      ],
      "dev": true,
      "optional": true,
      "os": [
        "linux"
      ],
      "engines": {
        "node": ">=12"
      }
    },
    "node_modules/@esbuild/linux-ppc64": {
      "version": "0.18.0",
      "resolved": "https://registry.npmjs.org/@esbuild/linux-ppc64/-/linux-ppc64-0.18.0.tgz",
      "integrity": "sha512-obz/firdtou244DIjHzdKmJChwGseqA3tWGa6xPMfuq54Ca4Pp1a4ANMrqy2IZ67rfpRHcJTlb2h3rSfW6tvAA==",
      "cpu": [
        "ppc64"
      ],
      "dev": true,
      "optional": true,
      "os": [
        "linux"
      ],
      "engines": {
        "node": ">=12"
      }
    },
    "node_modules/@esbuild/linux-riscv64": {
      "version": "0.18.0",
      "resolved": "https://registry.npmjs.org/@esbuild/linux-riscv64/-/linux-riscv64-0.18.0.tgz",
      "integrity": "sha512-UkuBdxQsxi39wWrRLMOkJl//82/hpQw79TD+OBLw3IBYyVQ4Wfvpe56RfEGK/j439sIm79ccnD5RUNQceHvZdQ==",
      "cpu": [
        "riscv64"
      ],
      "dev": true,
      "optional": true,
      "os": [
        "linux"
      ],
      "engines": {
        "node": ">=12"
      }
    },
    "node_modules/@esbuild/linux-s390x": {
      "version": "0.18.0",
      "resolved": "https://registry.npmjs.org/@esbuild/linux-s390x/-/linux-s390x-0.18.0.tgz",
      "integrity": "sha512-MgyuC30oYB465hyAqsb3EH6Y4zTeqqgixRAOpsDNMCelyDiW9ZDPXvMPfBgCZGJlDZFGKDm2I9ou8E3VI+v7pg==",
      "cpu": [
        "s390x"
      ],
      "dev": true,
      "optional": true,
      "os": [
        "linux"
      ],
      "engines": {
        "node": ">=12"
      }
    },
>>>>>>> main
    "node_modules/@esbuild/linux-x64": {
      "version": "0.18.0",
      "resolved": "https://registry.npmjs.org/@esbuild/linux-x64/-/linux-x64-0.18.0.tgz",
      "integrity": "sha512-oLLKU3F4pKWAsNmfi7Rd4qkj0qvg1S923ZjlcISA2IMgHsODA9xzwerqWayI5nOhLGgKXviDofn9exTeA4EUQQ==",
      "cpu": [
        "x64"
      ],
      "dev": true,
      "optional": true,
      "os": [
        "linux"
      ],
      "engines": {
        "node": ">=12"
      }
    },
<<<<<<< HEAD
=======
    "node_modules/@esbuild/netbsd-x64": {
      "version": "0.18.0",
      "resolved": "https://registry.npmjs.org/@esbuild/netbsd-x64/-/netbsd-x64-0.18.0.tgz",
      "integrity": "sha512-BEfJrZsZ/gMtpS2vC+2YoFGxmfLKiYQvj8lZrBfjKzQrwyMpH53CzQJj9ypOx9ldjM/MVxf9i9wi/rS4BWV7WA==",
      "cpu": [
        "x64"
      ],
      "dev": true,
      "optional": true,
      "os": [
        "netbsd"
      ],
      "engines": {
        "node": ">=12"
      }
    },
    "node_modules/@esbuild/openbsd-x64": {
      "version": "0.18.0",
      "resolved": "https://registry.npmjs.org/@esbuild/openbsd-x64/-/openbsd-x64-0.18.0.tgz",
      "integrity": "sha512-eDolHeG3REnEIgwl7Lw2S0znUMY4PFVtCAzLKqdRO0HD+iPKJR8n2MEJJyhPdUjcobo8SEQ2AG6gtYfft9VFHg==",
      "cpu": [
        "x64"
      ],
      "dev": true,
      "optional": true,
      "os": [
        "openbsd"
      ],
      "engines": {
        "node": ">=12"
      }
    },
    "node_modules/@esbuild/sunos-x64": {
      "version": "0.18.0",
      "resolved": "https://registry.npmjs.org/@esbuild/sunos-x64/-/sunos-x64-0.18.0.tgz",
      "integrity": "sha512-kl7vONem2wmRQke015rSrknmc6TYXKVNs2quiVTdvkSufscrjegpNqKyP7v6EHqXtvkzrB92ySjpfzazKG627g==",
      "cpu": [
        "x64"
      ],
      "dev": true,
      "optional": true,
      "os": [
        "sunos"
      ],
      "engines": {
        "node": ">=12"
      }
    },
    "node_modules/@esbuild/win32-arm64": {
      "version": "0.18.0",
      "resolved": "https://registry.npmjs.org/@esbuild/win32-arm64/-/win32-arm64-0.18.0.tgz",
      "integrity": "sha512-WohArFQ3HStBu9MAsx3JUk2wfC2v8QoadnMoNfx3Y26ac54tD/wQhPzw4QOzQbSqOFqzIMLKWbxindTsko+9OA==",
      "cpu": [
        "arm64"
      ],
      "dev": true,
      "optional": true,
      "os": [
        "win32"
      ],
      "engines": {
        "node": ">=12"
      }
    },
    "node_modules/@esbuild/win32-ia32": {
      "version": "0.18.0",
      "resolved": "https://registry.npmjs.org/@esbuild/win32-ia32/-/win32-ia32-0.18.0.tgz",
      "integrity": "sha512-SdnpSOxpeoewYCurmfLVepLuhOAphWkGTxWHifFjp37DaUHwF1fpGzyxhZoXMt5MKGuAO5aE3c5668YYtno+9Q==",
      "cpu": [
        "ia32"
      ],
      "dev": true,
      "optional": true,
      "os": [
        "win32"
      ],
      "engines": {
        "node": ">=12"
      }
    },
    "node_modules/@esbuild/win32-x64": {
      "version": "0.18.0",
      "resolved": "https://registry.npmjs.org/@esbuild/win32-x64/-/win32-x64-0.18.0.tgz",
      "integrity": "sha512-WJxImv0Pehpbo+pgg7Xrn88/b6ZzSweNHTw/2LW95JjeQUIS6ToJeQmjAdud9H3yiHJmhLOmEAOvUdNLhptD0w==",
      "cpu": [
        "x64"
      ],
      "dev": true,
      "optional": true,
      "os": [
        "win32"
      ],
      "engines": {
        "node": ">=12"
      }
    },
>>>>>>> main
    "node_modules/esbuild": {
      "version": "0.18.0",
      "resolved": "https://registry.npmjs.org/esbuild/-/esbuild-0.18.0.tgz",
      "integrity": "sha512-/2sQaWHNX2jkglLu85EjmEAR2ANpKOa1kp2rAE3wjKcuYjEHFlB+D60tn6W9BRgHiAQEKYtl4hEygKWothfDEA==",
      "dev": true,
      "hasInstallScript": true,
      "bin": {
        "esbuild": "bin/esbuild"
      },
      "engines": {
        "node": ">=12"
      },
      "optionalDependencies": {
<<<<<<< HEAD
        "@esbuild/android-arm": "0.17.17",
        "@esbuild/android-arm64": "0.17.17",
        "@esbuild/android-x64": "0.17.17",
        "@esbuild/darwin-arm64": "0.17.17",
        "@esbuild/darwin-x64": "0.17.17",
        "@esbuild/freebsd-arm64": "0.17.17",
        "@esbuild/freebsd-x64": "0.17.17",
        "@esbuild/linux-arm": "0.17.17",
        "@esbuild/linux-arm64": "0.17.17",
        "@esbuild/linux-ia32": "0.17.17",
        "@esbuild/linux-loong64": "0.17.17",
        "@esbuild/linux-mips64el": "0.17.17",
        "@esbuild/linux-ppc64": "0.17.17",
        "@esbuild/linux-riscv64": "0.17.17",
        "@esbuild/linux-s390x": "0.17.17",
        "@esbuild/linux-x64": "0.17.17",
        "@esbuild/netbsd-x64": "0.17.17",
        "@esbuild/openbsd-x64": "0.17.17",
        "@esbuild/sunos-x64": "0.17.17",
        "@esbuild/win32-arm64": "0.17.17",
        "@esbuild/win32-ia32": "0.17.17",
        "@esbuild/win32-x64": "0.17.17"
      }
    },
    "node_modules/js-tokens": {
      "version": "4.0.0",
      "resolved": "https://registry.npmjs.org/js-tokens/-/js-tokens-4.0.0.tgz",
      "integrity": "sha512-RdJUflcE3cUzKiMqQgsCu06FPu9UdIJO0beYbPhHN4k6apgJtifcoCtT9bcxOpYBtpD2kCM6Sbzg4CausW/PKQ=="
    },
    "node_modules/loose-envify": {
      "version": "1.4.0",
      "resolved": "https://registry.npmjs.org/loose-envify/-/loose-envify-1.4.0.tgz",
      "integrity": "sha512-lyuxPGr/Wfhrlem2CL/UcnUc1zcqKAImBDzukY7Y5F/yQiNdko6+fRLevlw1HgMySw7f611UIY408EtxRSoK3Q==",
      "dependencies": {
        "js-tokens": "^3.0.0 || ^4.0.0"
      },
      "bin": {
        "loose-envify": "cli.js"
      }
    },
    "node_modules/react": {
      "version": "18.2.0",
      "resolved": "https://registry.npmjs.org/react/-/react-18.2.0.tgz",
      "integrity": "sha512-/3IjMdb2L9QbBdWiW5e3P2/npwMBaU9mHCSCUzNln0ZCYbcfTsGbTJrU/kGemdH2IWmB2ioZ+zkxtmq6g09fGQ==",
      "dependencies": {
        "loose-envify": "^1.1.0"
      },
      "engines": {
        "node": ">=0.10.0"
=======
        "@esbuild/android-arm": "0.18.0",
        "@esbuild/android-arm64": "0.18.0",
        "@esbuild/android-x64": "0.18.0",
        "@esbuild/darwin-arm64": "0.18.0",
        "@esbuild/darwin-x64": "0.18.0",
        "@esbuild/freebsd-arm64": "0.18.0",
        "@esbuild/freebsd-x64": "0.18.0",
        "@esbuild/linux-arm": "0.18.0",
        "@esbuild/linux-arm64": "0.18.0",
        "@esbuild/linux-ia32": "0.18.0",
        "@esbuild/linux-loong64": "0.18.0",
        "@esbuild/linux-mips64el": "0.18.0",
        "@esbuild/linux-ppc64": "0.18.0",
        "@esbuild/linux-riscv64": "0.18.0",
        "@esbuild/linux-s390x": "0.18.0",
        "@esbuild/linux-x64": "0.18.0",
        "@esbuild/netbsd-x64": "0.18.0",
        "@esbuild/openbsd-x64": "0.18.0",
        "@esbuild/sunos-x64": "0.18.0",
        "@esbuild/win32-arm64": "0.18.0",
        "@esbuild/win32-ia32": "0.18.0",
        "@esbuild/win32-x64": "0.18.0"
>>>>>>> main
      }
    }
  }
}
